Microsoft Visual Studio Solution File, Format Version 12.00
# Visual Studio Version 16
VisualStudioVersion = 16.0.29911.98
MinimumVisualStudioVersion = 10.0.40219.1
Project("{9A19103F-16F7-4668-BE54-9A1E7A4F7556}") = "MonoGame.Shapes", "MonoGame.Shapes\MonoGame.Shapes.csproj", "{8C9B73F9-BCC0-4DD9-8884-D457FC9AB499}"
EndProject
Project("{9A19103F-16F7-4668-BE54-9A1E7A4F7556}") = "MonoGame.Shapes.Demo", "MonoGame.Shapes.Demo\MonoGame.Shapes.Demo.csproj", "{7138B668-8EDD-4624-A189-4A585F9BD0F5}"
EndProject
Global
	GlobalSection(SolutionConfigurationPlatforms) = preSolution
		Debug|Any CPU = Debug|Any CPU
		Release|Any CPU = Release|Any CPU
	EndGlobalSection
	GlobalSection(ProjectConfigurationPlatforms) = postSolution
		{8C9B73F9-BCC0-4DD9-8884-D457FC9AB499}.Debug|Any CPU.ActiveCfg = Debug|Any CPU
		{8C9B73F9-BCC0-4DD9-8884-D457FC9AB499}.Debug|Any CPU.Build.0 = Debug|Any CPU
		{8C9B73F9-BCC0-4DD9-8884-D457FC9AB499}.Release|Any CPU.ActiveCfg = Release|Any CPU
		{8C9B73F9-BCC0-4DD9-8884-D457FC9AB499}.Release|Any CPU.Build.0 = Release|Any CPU
		{7138B668-8EDD-4624-A189-4A585F9BD0F5}.Debug|Any CPU.ActiveCfg = Debug|Any CPU
		{7138B668-8EDD-4624-A189-4A585F9BD0F5}.Debug|Any CPU.Build.0 = Debug|Any CPU
		{7138B668-8EDD-4624-A189-4A585F9BD0F5}.Release|Any CPU.ActiveCfg = Release|Any CPU
		{7138B668-8EDD-4624-A189-4A585F9BD0F5}.Release|Any CPU.Build.0 = Release|Any CPU
	EndGlobalSection
	GlobalSection(SolutionProperties) = preSolution
		HideSolutionNode = FALSE
	EndGlobalSection
	GlobalSection(ExtensibilityGlobals) = postSolution
		SolutionGuid = {2C2F4613-67D9-4023-BFC5-8431A5E8049D}
	EndGlobalSection
EndGlobal
